
Microsoft Visual Studio Solution File, Format Version 12.00
# Visual Studio Version 17
VisualStudioVersion = 17.1.32228.430
MinimumVisualStudioVersion = 10.0.40219.1
Project("{8BC9CEB8-8B4A-11D0-8D11-00A0C91BC942}") = "ShellcodeLoader", "ShellcodeLoader\ShellcodeLoader.vcxproj", "{ACBDAAA2-4CE8-409D-8889-7FF3303BDE2F}"
EndProject
Project("{8BC9CEB8-8B4A-11D0-8D11-00A0C91BC942}") = "LoaderMaker", "LoaderMaker\LoaderMaker.vcxproj", "{C61E4A25-1987-454F-A4C1-30BD44B3F3E3}"
EndProject
Global
	GlobalSection(SolutionConfigurationPlatforms) = preSolution
		Debug|x64 = Debug|x64
		Debug|x86 = Debug|x86
		Release|x64 = Release|x64
		Release|x86 = Release|x86
	EndGlobalSection
	GlobalSection(ProjectConfigurationPlatforms) = postSolution
		{ACBDAAA2-4CE8-409D-8889-7FF3303BDE2F}.Debug|x64.ActiveCfg = Debug|x64
		{ACBDAAA2-4CE8-409D-8889-7FF3303BDE2F}.Debug|x64.Build.0 = Debug|x64
		{ACBDAAA2-4CE8-409D-8889-7FF3303BDE2F}.Debug|x86.ActiveCfg = Debug|Win32
		{ACBDAAA2-4CE8-409D-8889-7FF3303BDE2F}.Debug|x86.Build.0 = Debug|Win32
		{ACBDAAA2-4CE8-409D-8889-7FF3303BDE2F}.Release|x64.ActiveCfg = Release|x64
		{ACBDAAA2-4CE8-409D-8889-7FF3303BDE2F}.Release|x64.Build.0 = Release|x64
		{ACBDAAA2-4CE8-409D-8889-7FF3303BDE2F}.Release|x86.ActiveCfg = Release|Win32
		{ACBDAAA2-4CE8-409D-8889-7FF3303BDE2F}.Release|x86.Build.0 = Release|Win32
		{C61E4A25-1987-454F-A4C1-30BD44B3F3E3}.Debug|x64.ActiveCfg = Debug|x64
		{C61E4A25-1987-454F-A4C1-30BD44B3F3E3}.Debug|x64.Build.0 = Debug|x64
		{C61E4A25-1987-454F-A4C1-30BD44B3F3E3}.Debug|x86.ActiveCfg = Debug|Win32
		{C61E4A25-1987-454F-A4C1-30BD44B3F3E3}.Debug|x86.Build.0 = Debug|Win32
		{C61E4A25-1987-454F-A4C1-30BD44B3F3E3}.Release|x64.ActiveCfg = Release|x64
		{C61E4A25-1987-454F-A4C1-30BD44B3F3E3}.Release|x64.Build.0 = Release|x64
		{C61E4A25-1987-454F-A4C1-30BD44B3F3E3}.Release|x86.ActiveCfg = Release|Win32
		{C61E4A25-1987-454F-A4C1-30BD44B3F3E3}.Release|x86.Build.0 = Release|Win32
	EndGlobalSection
	GlobalSection(SolutionProperties) = preSolution
		HideSolutionNode = FALSE
	EndGlobalSection
	GlobalSection(ExtensibilityGlobals) = postSolution
		SolutionGuid = {111C5CD8-2227-4740-80B4-D73752036825}
	EndGlobalSection
EndGlobal
